// !$*UTF8*$!
{
	archiveVersion = 1;
	classes = {
	};
	objectVersion = 51;
	objects = {

/* Begin PBXBuildFile section */
		1ECD00F7B1FFEE01D9D90623 /* Pods_KJScanDemo.framework in Frameworks */ = {isa = PBXBuildFile; fileRef = F99C2909D6D47F2C75C897FE /* Pods_KJScanDemo.framework */; };
		68BC472C23176AF400E15E27 /* AppDelegate.m in Sources */ = {isa = PBXBuildFile; fileRef = 68BC472B23176AF400E15E27 /* AppDelegate.m */; };
		68BC472F23176AF400E15E27 /* ViewController.m in Sources */ = {isa = PBXBuildFile; fileRef = 68BC472E23176AF400E15E27 /* ViewController.m */; };
		68BC473223176AF400E15E27 /* Main.storyboard in Resources */ = {isa = PBXBuildFile; fileRef = 68BC473023176AF400E15E27 /* Main.storyboard */; };
		68BC473423176AF500E15E27 /* Assets.xcassets in Resources */ = {isa = PBXBuildFile; fileRef = 68BC473323176AF500E15E27 /* Assets.xcassets */; };
		68BC473723176AF500E15E27 /* LaunchScreen.storyboard in Resources */ = {isa = PBXBuildFile; fileRef = 68BC473523176AF500E15E27 /* LaunchScreen.storyboard */; };
		68BC473A23176AF500E15E27 /* main.m in Sources */ = {isa = PBXBuildFile; fileRef = 68BC473923176AF500E15E27 /* main.m */; };
		68D616ED231CB748000CA058 /* KJScanVC.m in Sources */ = {isa = PBXBuildFile; fileRef = 68D616EC231CB748000CA058 /* KJScanVC.m */; };
		68D616F4231CB75F000CA058 /* KJNativeScanTool.m in Sources */ = {isa = PBXBuildFile; fileRef = 68D616F1231CB75F000CA058 /* KJNativeScanTool.m */; };
		68D616F5231CB75F000CA058 /* KJScanView.m in Sources */ = {isa = PBXBuildFile; fileRef = 68D616F2231CB75F000CA058 /* KJScanView.m */; };
		68D616F6231CB75F000CA058 /* KJScan.bundle in Resources */ = {isa = PBXBuildFile; fileRef = 68D616F3231CB75F000CA058 /* KJScan.bundle */; };
		68D616F9231CBAC5000CA058 /* BaseViewController.m in Sources */ = {isa = PBXBuildFile; fileRef = 68D616F7231CBAC5000CA058 /* BaseViewController.m */; };
/* End PBXBuildFile section */

/* Begin PBXFileReference section */
		1ADE5C9C49BBFE46466A501D /* Pods-KJScanDemo-KJScanDemoUITests.debug.xcconfig */ = {isa = PBXFileReference; includeInIndex = 1; lastKnownFileType = text.xcconfig; name = "Pods-KJScanDemo-KJScanDemoUITests.debug.xcconfig"; path = "Target Support Files/Pods-KJScanDemo-KJScanDemoUITests/Pods-KJScanDemo-KJScanDemoUITests.debug.xcconfig"; sourceTree = "<group>"; };
		348A373F06889659610D009E /* Pods-KJScanDemo-KJScanDemoUITests.release.xcconfig */ = {isa = PBXFileReference; includeInIndex = 1; lastKnownFileType = text.xcconfig; name = "Pods-KJScanDemo-KJScanDemoUITests.release.xcconfig"; path = "Target Support Files/Pods-KJScanDemo-KJScanDemoUITests/Pods-KJScanDemo-KJScanDemoUITests.release.xcconfig"; sourceTree = "<group>"; };
		3FC3073A0DC97176FB2DFA5C /* Pods_KJScanDemo_KJScanDemoUITests.framework */ = {isa = PBXFileReference; explicitFileType = wrapper.framework; includeInIndex = 0; path = Pods_KJScanDemo_KJScanDemoUITests.framework; sourceTree = BUILT_PRODUCTS_DIR; };
		68BC472723176AF400E15E27 /* KJScanDemo.app */ = {isa = PBXFileReference; explicitFileType = wrapper.application; includeInIndex = 0; path = KJScanDemo.app; sourceTree = BUILT_PRODUCTS_DIR; };
		68BC472A23176AF400E15E27 /* AppDelegate.h */ = {isa = PBXFileReference; lastKnownFileType = sourcecode.c.h; path = AppDelegate.h; sourceTree = "<group>"; };
		68BC472B23176AF400E15E27 /* AppDelegate.m */ = {isa = PBXFileReference; lastKnownFileType = sourcecode.c.objc; path = AppDelegate.m; sourceTree = "<group>"; };
		68BC472D23176AF400E15E27 /* ViewController.h */ = {isa = PBXFileReference; lastKnownFileType = sourcecode.c.h; path = ViewController.h; sourceTree = "<group>"; };
		68BC472E23176AF400E15E27 /* ViewController.m */ = {isa = PBXFileReference; lastKnownFileType = sourcecode.c.objc; path = ViewController.m; sourceTree = "<group>"; };
		68BC473123176AF400E15E27 /* Base */ = {isa = PBXFileReference; lastKnownFileType = file.storyboard; name = Base; path = Base.lproj/Main.storyboard; sourceTree = "<group>"; };
		68BC473323176AF500E15E27 /* Assets.xcassets */ = {isa = PBXFileReference; lastKnownFileType = folder.assetcatalog; path = Assets.xcassets; sourceTree = "<group>"; };
		68BC473623176AF500E15E27 /* Base */ = {isa = PBXFileReference; lastKnownFileType = file.storyboard; name = Base; path = Base.lproj/LaunchScreen.storyboard; sourceTree = "<group>"; };
		68BC473823176AF500E15E27 /* Info.plist */ = {isa = PBXFileReference; lastKnownFileType = text.plist.xml; path = Info.plist; sourceTree = "<group>"; };
		68BC473923176AF500E15E27 /* main.m */ = {isa = PBXFileReference; lastKnownFileType = sourcecode.c.objc; path = main.m; sourceTree = "<group>"; };
		68D616EB231CB747000CA058 /* KJScanVC.h */ = {isa = PBXFileReference; fileEncoding = 4; lastKnownFileType = sourcecode.c.h; path = KJScanVC.h; sourceTree = "<group>"; };
		68D616EC231CB748000CA058 /* KJScanVC.m */ = {isa = PBXFileReference; fileEncoding = 4; lastKnownFileType = sourcecode.c.objc; path = KJScanVC.m; sourceTree = "<group>"; };
		68D616EF231CB75F000CA058 /* KJScanView.h */ = {isa = PBXFileReference; fileEncoding = 4; lastKnownFileType = sourcecode.c.h; path = KJScanView.h; sourceTree = "<group>"; };
		68D616F0231CB75F000CA058 /* KJNativeScanTool.h */ = {isa = PBXFileReference; fileEncoding = 4; lastKnownFileType = sourcecode.c.h; path = KJNativeScanTool.h; sourceTree = "<group>"; };
		68D616F1231CB75F000CA058 /* KJNativeScanTool.m */ = {isa = PBXFileReference; fileEncoding = 4; lastKnownFileType = sourcecode.c.objc; path = KJNativeScanTool.m; sourceTree = "<group>"; };
		68D616F2231CB75F000CA058 /* KJScanView.m */ = {isa = PBXFileReference; fileEncoding = 4; lastKnownFileType = sourcecode.c.objc; path = KJScanView.m; sourceTree = "<group>"; };
		68D616F3231CB75F000CA058 /* KJScan.bundle */ = {isa = PBXFileReference; lastKnownFileType = "wrapper.plug-in"; path = KJScan.bundle; sourceTree = "<group>"; };
		68D616F7231CBAC5000CA058 /* BaseViewController.m */ = {isa = PBXFileReference; fileEncoding = 4; lastKnownFileType = sourcecode.c.objc; path = BaseViewController.m; sourceTree = "<group>"; };
		68D616F8231CBAC5000CA058 /* BaseViewController.h */ = {isa = PBXFileReference; fileEncoding = 4; lastKnownFileType = sourcecode.c.h; path = BaseViewController.h; sourceTree = "<group>"; };
		B85FE158890B6F420AE04054 /* Pods_KJScanDemoTests.framework */ = {isa = PBXFileReference; explicitFileType = wrapper.framework; includeInIndex = 0; path = Pods_KJScanDemoTests.framework; sourceTree = BUILT_PRODUCTS_DIR; };
		C44EF4F73FAF8F93279932A8 /* Pods-KJScanDemo.release.xcconfig */ = {isa = PBXFileReference; includeInIndex = 1; lastKnownFileType = text.xcconfig; name = "Pods-KJScanDemo.release.xcconfig"; path = "Target Support Files/Pods-KJScanDemo/Pods-KJScanDemo.release.xcconfig"; sourceTree = "<group>"; };
		D5FD3BC70E47648951C49A85 /* Pods-KJScanDemo.debug.xcconfig */ = {isa = PBXFileReference; includeInIndex = 1; lastKnownFileType = text.xcconfig; name = "Pods-KJScanDemo.debug.xcconfig"; path = "Target Support Files/Pods-KJScanDemo/Pods-KJScanDemo.debug.xcconfig"; sourceTree = "<group>"; };
		E88D0EC8B244EEF7940F76C0 /* Pods-KJScanDemoTests.release.xcconfig */ = {isa = PBXFileReference; includeInIndex = 1; lastKnownFileType = text.xcconfig; name = "Pods-KJScanDemoTests.release.xcconfig"; path = "Target Support Files/Pods-KJScanDemoTests/Pods-KJScanDemoTests.release.xcconfig"; sourceTree = "<group>"; };
		F99C2909D6D47F2C75C897FE /* Pods_KJScanDemo.framework */ = {isa = PBXFileReference; explicitFileType = wrapper.framework; includeInIndex = 0; path = Pods_KJScanDemo.framework; sourceTree = BUILT_PRODUCTS_DIR; };
		FB204D8E3453EC363B373BBC /* Pods-KJScanDemoTests.debug.xcconfig */ = {isa = PBXFileReference; includeInIndex = 1; lastKnownFileType = text.xcconfig; name = "Pods-KJScanDemoTests.debug.xcconfig"; path = "Target Support Files/Pods-KJScanDemoTests/Pods-KJScanDemoTests.debug.xcconfig"; sourceTree = "<group>"; };
/* End PBXFileReference section */

/* Begin PBXFrameworksBuildPhase section */
		68BC472423176AF400E15E27 /* Frameworks */ = {
			isa = PBXFrameworksBuildPhase;
			buildActionMask = 2147483647;
			files = (
				1ECD00F7B1FFEE01D9D90623 /* Pods_KJScanDemo.framework in Frameworks */,
			);
			runOnlyForDeploymentPostprocessing = 0;
		};
/* End PBXFrameworksBuildPhase section */

/* Begin PBXGroup section */
		68BC471E23176AF400E15E27 = {
			isa = PBXGroup;
			children = (
				68BC472923176AF400E15E27 /* KJScanDemo */,
				68BC472823176AF400E15E27 /* Products */,
				83059D5721FD3E2A60459266 /* Pods */,
				E411BD841695B91D3985067F /* Frameworks */,
			);
			sourceTree = "<group>";
		};
		68BC472823176AF400E15E27 /* Products */ = {
			isa = PBXGroup;
			children = (
				68BC472723176AF400E15E27 /* KJScanDemo.app */,
			);
			name = Products;
			sourceTree = "<group>";
		};
		68BC472923176AF400E15E27 /* KJScanDemo */ = {
			isa = PBXGroup;
			children = (
				68D616EE231CB750000CA058 /* KJScanView */,
				68BC475C23176AFD00E15E27 /* Support Files */,
			);
			path = KJScanDemo;
			sourceTree = "<group>";
		};
		68BC475C23176AFD00E15E27 /* Support Files */ = {
			isa = PBXGroup;
			children = (
				68D616EB231CB747000CA058 /* KJScanVC.h */,
				68D616EC231CB748000CA058 /* KJScanVC.m */,
				68BC472A23176AF400E15E27 /* AppDelegate.h */,
				68BC472B23176AF400E15E27 /* AppDelegate.m */,
				68D616F8231CBAC5000CA058 /* BaseViewController.h */,
				68D616F7231CBAC5000CA058 /* BaseViewController.m */,
				68BC472D23176AF400E15E27 /* ViewController.h */,
				68BC472E23176AF400E15E27 /* ViewController.m */,
				68BC473023176AF400E15E27 /* Main.storyboard */,
				68BC473323176AF500E15E27 /* Assets.xcassets */,
				68BC473523176AF500E15E27 /* LaunchScreen.storyboard */,
				68BC473823176AF500E15E27 /* Info.plist */,
				68BC473923176AF500E15E27 /* main.m */,
			);
			path = "Support Files";
			sourceTree = "<group>";
		};
		68D616EE231CB750000CA058 /* KJScanView */ = {
			isa = PBXGroup;
			children = (
				68D616F0231CB75F000CA058 /* KJNativeScanTool.h */,
				68D616F1231CB75F000CA058 /* KJNativeScanTool.m */,
				68D616EF231CB75F000CA058 /* KJScanView.h */,
				68D616F2231CB75F000CA058 /* KJScanView.m */,
				68D616F3231CB75F000CA058 /* KJScan.bundle */,
			);
			path = KJScanView;
			sourceTree = "<group>";
		};
		83059D5721FD3E2A60459266 /* Pods */ = {
			isa = PBXGroup;
			children = (
				D5FD3BC70E47648951C49A85 /* Pods-KJScanDemo.debug.xcconfig */,
				C44EF4F73FAF8F93279932A8 /* Pods-KJScanDemo.release.xcconfig */,
				1ADE5C9C49BBFE46466A501D /* Pods-KJScanDemo-KJScanDemoUITests.debug.xcconfig */,
				348A373F06889659610D009E /* Pods-KJScanDemo-KJScanDemoUITests.release.xcconfig */,
				FB204D8E3453EC363B373BBC /* Pods-KJScanDemoTests.debug.xcconfig */,
				E88D0EC8B244EEF7940F76C0 /* Pods-KJScanDemoTests.release.xcconfig */,
			);
			path = Pods;
			sourceTree = "<group>";
		};
		E411BD841695B91D3985067F /* Frameworks */ = {
			isa = PBXGroup;
			children = (
				F99C2909D6D47F2C75C897FE /* Pods_KJScanDemo.framework */,
				3FC3073A0DC97176FB2DFA5C /* Pods_KJScanDemo_KJScanDemoUITests.framework */,
				B85FE158890B6F420AE04054 /* Pods_KJScanDemoTests.framework */,
			);
			name = Frameworks;
			sourceTree = "<group>";
		};
/* End PBXGroup section */

/* Begin PBXNativeTarget section */
		68BC472623176AF400E15E27 /* KJScanDemo */ = {
			isa = PBXNativeTarget;
			buildConfigurationList = 68BC475323176AF600E15E27 /* Build configuration list for PBXNativeTarget "KJScanDemo" */;
			buildPhases = (
				00B03E83AFBAD5AD303D9258 /* [CP] Check Pods Manifest.lock */,
				68BC472323176AF400E15E27 /* Sources */,
				68BC472423176AF400E15E27 /* Frameworks */,
				68BC472523176AF400E15E27 /* Resources */,
				4718FBEBB7DB704BDC37A764 /* [CP] Embed Pods Frameworks */,
			);
			buildRules = (
			);
			dependencies = (
			);
			name = KJScanDemo;
			productName = KJToolGatherDemo;
			productReference = 68BC472723176AF400E15E27 /* KJScanDemo.app */;
			productType = "com.apple.product-type.application";
		};
/* End PBXNativeTarget section */

/* Begin PBXProject section */
		68BC471F23176AF400E15E27 /* Project object */ = {
			isa = PBXProject;
			attributes = {
				LastUpgradeCheck = 1030;
				ORGANIZATIONNAME = "杨科军";
				TargetAttributes = {
					68BC472623176AF400E15E27 = {
						CreatedOnToolsVersion = 10.3;
					};
				};
			};
			buildConfigurationList = 68BC472223176AF400E15E27 /* Build configuration list for PBXProject "KJScanDemo" */;
			compatibilityVersion = "Xcode 9.3";
			developmentRegion = en;
			hasScannedForEncodings = 0;
			knownRegions = (
				en,
				Base,
			);
			mainGroup = 68BC471E23176AF400E15E27;
			productRefGroup = 68BC472823176AF400E15E27 /* Products */;
			projectDirPath = "";
			projectRoot = "";
			targets = (
				68BC472623176AF400E15E27 /* KJScanDemo */,
			);
		};
/* End PBXProject section */

/* Begin PBXResourcesBuildPhase section */
		68BC472523176AF400E15E27 /* Resources */ = {
			isa = PBXResourcesBuildPhase;
			buildActionMask = 2147483647;
			files = (
				68BC473723176AF500E15E27 /* LaunchScreen.storyboard in Resources */,
				68BC473423176AF500E15E27 /* Assets.xcassets in Resources */,
				68BC473223176AF400E15E27 /* Main.storyboard in Resources */,
				68D616F6231CB75F000CA058 /* KJScan.bundle in Resources */,
			);
			runOnlyForDeploymentPostprocessing = 0;
		};
/* End PBXResourcesBuildPhase section */

/* Begin PBXShellScriptBuildPhase section */
		00B03E83AFBAD5AD303D9258 /* [CP] Check Pods Manifest.lock */ = {
			isa = PBXShellScriptBuildPhase;
			buildActionMask = 2147483647;
			files = (
			);
			inputFileListPaths = (
			);
			inputPaths = (
				"${PODS_PODFILE_DIR_PATH}/Podfile.lock",
				"${PODS_ROOT}/Manifest.lock",
			);
			name = "[CP] Check Pods Manifest.lock";
			outputFileListPaths = (
			);
			outputPaths = (
				"$(DERIVED_FILE_DIR)/Pods-KJScanDemo-checkManifestLockResult.txt",
			);
			runOnlyForDeploymentPostprocessing = 0;
			shellPath = /bin/sh;
			shellScript = "diff \"${PODS_PODFILE_DIR_PATH}/Podfile.lock\" \"${PODS_ROOT}/Manifest.lock\" > /dev/null\nif [ $? != 0 ] ; then\n    # print error to STDERR\n    echo \"error: The sandbox is not in sync with the Podfile.lock. Run 'pod install' or update your CocoaPods installation.\" >&2\n    exit 1\nfi\n# This output is used by Xcode 'outputs' to avoid re-running this script phase.\necho \"SUCCESS\" > \"${SCRIPT_OUTPUT_FILE_0}\"\n";
			showEnvVarsInLog = 0;
		};
		4718FBEBB7DB704BDC37A764 /* [CP] Embed Pods Frameworks */ = {
			isa = PBXShellScriptBuildPhase;
			buildActionMask = 2147483647;
			files = (
			);
			inputFileListPaths = (
				"${PODS_ROOT}/Target Support Files/Pods-KJScanDemo/Pods-KJScanDemo-frameworks-${CONFIGURATION}-input-files.xcfilelist",
			);
			name = "[CP] Embed Pods Frameworks";
			outputFileListPaths = (
				"${PODS_ROOT}/Target Support Files/Pods-KJScanDemo/Pods-KJScanDemo-frameworks-${CONFIGURATION}-output-files.xcfilelist",
			);
			runOnlyForDeploymentPostprocessing = 0;
			shellPath = /bin/sh;
			shellScript = "\"${PODS_ROOT}/Target Support Files/Pods-KJScanDemo/Pods-KJScanDemo-frameworks.sh\"\n";
			showEnvVarsInLog = 0;
		};
/* End PBXShellScriptBuildPhase section */

/* Begin PBXSourcesBuildPhase section */
		68BC472323176AF400E15E27 /* Sources */ = {
			isa = PBXSourcesBuildPhase;
			buildActionMask = 2147483647;
			files = (
				68D616F9231CBAC5000CA058 /* BaseViewController.m in Sources */,
				68BC472F23176AF400E15E27 /* ViewController.m in Sources */,
				68BC473A23176AF500E15E27 /* main.m in Sources */,
				68D616F5231CB75F000CA058 /* KJScanView.m in Sources */,
				68D616ED231CB748000CA058 /* KJScanVC.m in Sources */,
				68D616F4231CB75F000CA058 /* KJNativeScanTool.m in Sources */,
				68BC472C23176AF400E15E27 /* AppDelegate.m in Sources */,
			);
			runOnlyForDeploymentPostprocessing = 0;
		};
/* End PBXSourcesBuildPhase section */

/* Begin PBXVariantGroup section */
		68BC473023176AF400E15E27 /* Main.storyboard */ = {
			isa = PBXVariantGroup;
			children = (
				68BC473123176AF400E15E27 /* Base */,
			);
			name = Main.storyboard;
			sourceTree = "<group>";
		};
		68BC473523176AF500E15E27 /* LaunchScreen.storyboard */ = {
			isa = PBXVariantGroup;
			children = (
				68BC473623176AF500E15E27 /* Base */,
			);
			name = LaunchScreen.storyboard;
			sourceTree = "<group>";
		};
/* End PBXVariantGroup section */

/* Begin XCBuildConfiguration section */
		68BC475123176AF600E15E27 /* Debug */ = {
			isa = XCBuildConfiguration;
			buildSettings = {
				ALWAYS_SEARCH_USER_PATHS = NO;
				CLANG_ANALYZER_NONNULL = YES;
				CLANG_ANALYZER_NUMBER_OBJECT_CONVERSION = YES_AGGRESSIVE;
				CLANG_CXX_LANGUAGE_STANDARD = "gnu++14";
				CLANG_CXX_LIBRARY = "libc++";
				CLANG_ENABLE_MODULES = YES;
				CLANG_ENABLE_OBJC_ARC = YES;
				CLANG_ENABLE_OBJC_WEAK = YES;
				CLANG_WARN_BLOCK_CAPTURE_AUTORELEASING = YES;
				CLANG_WARN_BOOL_CONVERSION = YES;
				CLANG_WARN_COMMA = YES;
				CLANG_WARN_CONSTANT_CONVERSION = YES;
				CLANG_WARN_DEPRECATED_OBJC_IMPLEMENTATIONS = YES;
				CLANG_WARN_DIRECT_OBJC_ISA_USAGE = YES_ERROR;
				CLANG_WARN_DOCUMENTATION_COMMENTS = YES;
				CLANG_WARN_EMPTY_BODY = YES;
				CLANG_WARN_ENUM_CONVERSION = YES;
				CLANG_WARN_INFINITE_RECURSION = YES;
				CLANG_WARN_INT_CONVERSION = YES;
				CLANG_WARN_NON_LITERAL_NULL_CONVERSION = YES;
				CLANG_WARN_OBJC_IMPLICIT_RETAIN_SELF = YES;
				CLANG_WARN_OBJC_LITERAL_CONVERSION = YES;
				CLANG_WARN_OBJC_ROOT_CLASS = YES_ERROR;
				CLANG_WARN_RANGE_LOOP_ANALYSIS = YES;
				CLANG_WARN_STRICT_PROTOTYPES = YES;
				CLANG_WARN_SUSPICIOUS_MOVE = YES;
				CLANG_WARN_UNGUARDED_AVAILABILITY = YES_AGGRESSIVE;
				CLANG_WARN_UNREACHABLE_CODE = YES;
				CLANG_WARN__DUPLICATE_METHOD_MATCH = YES;
				CODE_SIGN_IDENTITY = "iPhone Developer";
				COPY_PHASE_STRIP = NO;
				DEBUG_INFORMATION_FORMAT = dwarf;
				ENABLE_STRICT_OBJC_MSGSEND = YES;
				ENABLE_TESTABILITY = YES;
				GCC_C_LANGUAGE_STANDARD = gnu11;
				GCC_DYNAMIC_NO_PIC = NO;
				GCC_NO_COMMON_BLOCKS = YES;
				GCC_OPTIMIZATION_LEVEL = 0;
				GCC_PREPROCESSOR_DEFINITIONS = (
					"DEBUG=1",
					"$(inherited)",
				);
				GCC_WARN_64_TO_32_BIT_CONVERSION = YES;
				GCC_WARN_ABOUT_RETURN_TYPE = YES_ERROR;
				GCC_WARN_UNDECLARED_SELECTOR = YES;
				GCC_WARN_UNINITIALIZED_AUTOS = YES_AGGRESSIVE;
				GCC_WARN_UNUSED_FUNCTION = YES;
				GCC_WARN_UNUSED_VARIABLE = YES;
				IPHONEOS_DEPLOYMENT_TARGET = 12.4;
				MTL_ENABLE_DEBUG_INFO = INCLUDE_SOURCE;
				MTL_FAST_MATH = YES;
				ONLY_ACTIVE_ARCH = YES;
				SDKROOT = iphoneos;
			};
			name = Debug;
		};
		68BC475223176AF600E15E27 /* Release */ = {
			isa = XCBuildConfiguration;
			buildSettings = {
				ALWAYS_SEARCH_USER_PATHS = NO;
				CLANG_ANALYZER_NONNULL = YES;
				CLANG_ANALYZER_NUMBER_OBJECT_CONVERSION = YES_AGGRESSIVE;
				CLANG_CXX_LANGUAGE_STANDARD = "gnu++14";
				CLANG_CXX_LIBRARY = "libc++";
				CLANG_ENABLE_MODULES = YES;
				CLANG_ENABLE_OBJC_ARC = YES;
				CLANG_ENABLE_OBJC_WEAK = YES;
				CLANG_WARN_BLOCK_CAPTURE_AUTORELEASING = YES;
				CLANG_WARN_BOOL_CONVERSION = YES;
				CLANG_WARN_COMMA = YES;
				CLANG_WARN_CONSTANT_CONVERSION = YES;
				CLANG_WARN_DEPRECATED_OBJC_IMPLEMENTATIONS = YES;
				CLANG_WARN_DIRECT_OBJC_ISA_USAGE = YES_ERROR;
				CLANG_WARN_DOCUMENTATION_COMMENTS = YES;
				CLANG_WARN_EMPTY_BODY = YES;
				CLANG_WARN_ENUM_CONVERSION = YES;
				CLANG_WARN_INFINITE_RECURSION = YES;
				CLANG_WARN_INT_CONVERSION = YES;
				CLANG_WARN_NON_LITERAL_NULL_CONVERSION = YES;
				CLANG_WARN_OBJC_IMPLICIT_RETAIN_SELF = YES;
				CLANG_WARN_OBJC_LITERAL_CONVERSION = YES;
				CLANG_WARN_OBJC_ROOT_CLASS = YES_ERROR;
				CLANG_WARN_RANGE_LOOP_ANALYSIS = YES;
				CLANG_WARN_STRICT_PROTOTYPES = YES;
				CLANG_WARN_SUSPICIOUS_MOVE = YES;
				CLANG_WARN_UNGUARDED_AVAILABILITY = YES_AGGRESSIVE;
				CLANG_WARN_UNREACHABLE_CODE = YES;
				CLANG_WARN__DUPLICATE_METHOD_MATCH = YES;
				CODE_SIGN_IDENTITY = "iPhone Developer";
				COPY_PHASE_STRIP = NO;
				DEBUG_INFORMATION_FORMAT = "dwarf-with-dsym";
				ENABLE_NS_ASSERTIONS = NO;
				ENABLE_STRICT_OBJC_MSGSEND = YES;
				GCC_C_LANGUAGE_STANDARD = gnu11;
				GCC_NO_COMMON_BLOCKS = YES;
				GCC_WARN_64_TO_32_BIT_CONVERSION = YES;
				GCC_WARN_ABOUT_RETURN_TYPE = YES_ERROR;
				GCC_WARN_UNDECLARED_SELECTOR = YES;
				GCC_WARN_UNINITIALIZED_AUTOS = YES_AGGRESSIVE;
				GCC_WARN_UNUSED_FUNCTION = YES;
				GCC_WARN_UNUSED_VARIABLE = YES;
				IPHONEOS_DEPLOYMENT_TARGET = 12.4;
				MTL_ENABLE_DEBUG_INFO = NO;
				MTL_FAST_MATH = YES;
				SDKROOT = iphoneos;
				VALIDATE_PRODUCT = YES;
			};
			name = Release;
		};
		68BC475423176AF600E15E27 /* Debug */ = {
			isa = XCBuildConfiguration;
			baseConfigurationReference = D5FD3BC70E47648951C49A85 /* Pods-KJScanDemo.debug.xcconfig */;
			buildSettings = {
				ASSETCATALOG_COMPILER_APPICON_NAME = AppIcon;
				CODE_SIGN_STYLE = Automatic;
				DEVELOPMENT_TEAM = 3JSV6LLA66;
				INFOPLIST_FILE = "$(SRCROOT)/KJScanDemo/Support Files/Info.plist";
				LD_RUNPATH_SEARCH_PATHS = (
					"$(inherited)",
					"@executable_path/Frameworks",
				);
				PRODUCT_BUNDLE_IDENTIFIER = com.ykj.KJScanDemo;
				PRODUCT_NAME = "$(TARGET_NAME)";
				TARGETED_DEVICE_FAMILY = 1;
			};
			name = Debug;
		};
		68BC475523176AF600E15E27 /* Release */ = {
			isa = XCBuildConfiguration;
			baseConfigurationReference = C44EF4F73FAF8F93279932A8 /* Pods-KJScanDemo.release.xcconfig */;
			buildSettings = {
				ASSETCATALOG_COMPILER_APPICON_NAME = AppIcon;
				CODE_SIGN_STYLE = Automatic;
				DEVELOPMENT_TEAM = 3JSV6LLA66;
				INFOPLIST_FILE = "$(SRCROOT)/KJScanDemo/Support Files/Info.plist";
				LD_RUNPATH_SEARCH_PATHS = (
					"$(inherited)",
					"@executable_path/Frameworks",
				);
				PRODUCT_BUNDLE_IDENTIFIER = com.ykj.KJScanDemo;
				PRODUCT_NAME = "$(TARGET_NAME)";
				TARGETED_DEVICE_FAMILY = 1;
			};
			name = Release;
		};
/* End XCBuildConfiguration section */

/* Begin XCConfigurationList section */
		68BC472223176AF400E15E27 /* Build configuration list for PBXProject "KJScanDemo" */ = {
			isa = XCConfigurationList;
			buildConfigurations = (
				68BC475123176AF600E15E27 /* Debug */,
				68BC475223176AF600E15E27 /* Release */,
			);
			defaultConfigurationIsVisible = 0;
			defaultConfigurationName = Release;
		};
		68BC475323176AF600E15E27 /* Build configuration list for PBXNativeTarget "KJScanDemo" */ = {
			isa = XCConfigurationList;
			buildConfigurations = (
				68BC475423176AF600E15E27 /* Debug */,
				68BC475523176AF600E15E27 /* Release */,
			);
			defaultConfigurationIsVisible = 0;
			defaultConfigurationName = Release;
		};
/* End XCConfigurationList section */
	};
	rootObject = 68BC471F23176AF400E15E27 /* Project object */;
}
